
Microsoft Visual Studio Solution File, Format Version 12.00
# Visual Studio Version 17
VisualStudioVersion = 17.3.32825.248
MinimumVisualStudioVersion = 10.0.40219.1
Project("{FAE04EC0-301F-11D3-BF4B-00C04F79EFBC}") = "Cash Register", "Cash Register\Cash Register.csproj", "{3DE18777-9B56-4341-867D-FA33BFD2BFFF}"
EndProject
Global
	GlobalSection(SolutionConfigurationPlatforms) = preSolution
		Debug|Any CPU = Debug|Any CPU
		Release|Any CPU = Release|Any CPU
	EndGlobalSection
	GlobalSection(ProjectConfigurationPlatforms) = postSolution
		{3DE18777-9B56-4341-867D-FA33BFD2BFFF}.Debug|Any CPU.ActiveCfg = Debug|Any CPU
		{3DE18777-9B56-4341-867D-FA33BFD2BFFF}.Debug|Any CPU.Build.0 = Debug|Any CPU
		{3DE18777-9B56-4341-867D-FA33BFD2BFFF}.Release|Any CPU.ActiveCfg = Release|Any CPU
		{3DE18777-9B56-4341-867D-FA33BFD2BFFF}.Release|Any CPU.Build.0 = Release|Any CPU
	EndGlobalSection
	GlobalSection(SolutionProperties) = preSolution
		HideSolutionNode = FALSE
	EndGlobalSection
	GlobalSection(ExtensibilityGlobals) = postSolution
		SolutionGuid = {179864EA-7237-4363-B8F4-34875FE7E3F3}
	EndGlobalSection
EndGlobal
